
Microsoft Visual Studio Solution File, Format Version 12.00
# Visual Studio Version 17
VisualStudioVersion = 17.9.34714.143
MinimumVisualStudioVersion = 10.0.40219.1
Project("{9A19103F-16F7-4668-BE54-9A1E7A4F7556}") = "Week3", "Week3\Week3.csproj", "{803786CD-A772-4982-9C43-BE4C9FF59210}"
EndProject
Project("{FAE04EC0-301F-11D3-BF4B-00C04F79EFBC}") = "OddOrEven", "OddOrEven\OddOrEven.csproj", "{14970256-416F-4754-8E67-20877406A596}"
EndProject
Project("{FAE04EC0-301F-11D3-BF4B-00C04F79EFBC}") = "DayOfTheWeekIf", "DayOfTheWeekIf\DayOfTheWeekIf.csproj", "{A85FD68E-FE5B-40ED-A470-F7E1AA756A08}"
EndProject
Project("{FAE04EC0-301F-11D3-BF4B-00C04F79EFBC}") = "SwitchDayOfTheWeek", "SwitchDayOfTheWeek\SwitchDayOfTheWeek.csproj", "{D90F89E3-BF6F-41CF-92F0-C1D317D19489}"
EndProject
Global
	GlobalSection(SolutionConfigurationPlatforms) = preSolution
		Debug|Any CPU = Debug|Any CPU
		Release|Any CPU = Release|Any CPU
	EndGlobalSection
	GlobalSection(ProjectConfigurationPlatforms) = postSolution
		{803786CD-A772-4982-9C43-BE4C9FF59210}.Debug|Any CPU.ActiveCfg = Debug|Any CPU
		{803786CD-A772-4982-9C43-BE4C9FF59210}.Debug|Any CPU.Build.0 = Debug|Any CPU
		{803786CD-A772-4982-9C43-BE4C9FF59210}.Release|Any CPU.ActiveCfg = Release|Any CPU
		{803786CD-A772-4982-9C43-BE4C9FF59210}.Release|Any CPU.Build.0 = Release|Any CPU
		{14970256-416F-4754-8E67-20877406A596}.Debug|Any CPU.ActiveCfg = Debug|Any CPU
		{14970256-416F-4754-8E67-20877406A596}.Debug|Any CPU.Build.0 = Debug|Any CPU
		{14970256-416F-4754-8E67-20877406A596}.Release|Any CPU.ActiveCfg = Release|Any CPU
		{14970256-416F-4754-8E67-20877406A596}.Release|Any CPU.Build.0 = Release|Any CPU
		{A85FD68E-FE5B-40ED-A470-F7E1AA756A08}.Debug|Any CPU.ActiveCfg = Debug|Any CPU
		{A85FD68E-FE5B-40ED-A470-F7E1AA756A08}.Debug|Any CPU.Build.0 = Debug|Any CPU
		{A85FD68E-FE5B-40ED-A470-F7E1AA756A08}.Release|Any CPU.ActiveCfg = Release|Any CPU
		{A85FD68E-FE5B-40ED-A470-F7E1AA756A08}.Release|Any CPU.Build.0 = Release|Any CPU
		{D90F89E3-BF6F-41CF-92F0-C1D317D19489}.Debug|Any CPU.ActiveCfg = Debug|Any CPU
		{D90F89E3-BF6F-41CF-92F0-C1D317D19489}.Debug|Any CPU.Build.0 = Debug|Any CPU
		{D90F89E3-BF6F-41CF-92F0-C1D317D19489}.Release|Any CPU.ActiveCfg = Release|Any CPU
		{D90F89E3-BF6F-41CF-92F0-C1D317D19489}.Release|Any CPU.Build.0 = Release|Any CPU
	EndGlobalSection
	GlobalSection(SolutionProperties) = preSolution
		HideSolutionNode = FALSE
	EndGlobalSection
	GlobalSection(ExtensibilityGlobals) = postSolution
		SolutionGuid = {4A4EA6DD-9A23-447A-9595-C38E82D1D3E8}
	EndGlobalSection
EndGlobal
